{
  "name": "@snatchit/core",
  "version": "0.1.0",
  "lockfileVersion": 3,
  "requires": true,
  "packages": {
    "": {
      "name": "@snatchit/core",
      "version": "0.1.0",
      "dependencies": {
        "@snatchit/types": "file:../types"
      }
    },
    "../types": {
      "name": "@snatchit/types",
      "version": "0.1.0"
    },
    "node_modules/@snatchit/types": {
      "resolved": "../types",
      "link": true
    }
  }
}
